// !$*UTF8*$!
{
	archiveVersion = 1;
	classes = {
	};
	objectVersion = 46;
	objects = {

/* Begin PBXBuildFile section */
		0AC607891C189B36006EECA7 /* AppDelegate.swift in Sources */ = {isa = PBXBuildFile; fileRef = 0AC607881C189B36006EECA7 /* AppDelegate.swift */; };
		0AC607901C189B36006EECA7 /* Main.storyboard in Resources */ = {isa = PBXBuildFile; fileRef = 0AC6078E1C189B36006EECA7 /* Main.storyboard */; };
		0AC607921C189B36006EECA7 /* Assets.xcassets in Resources */ = {isa = PBXBuildFile; fileRef = 0AC607911C189B36006EECA7 /* Assets.xcassets */; };
		0AC607951C189B36006EECA7 /* LaunchScreen.storyboard in Resources */ = {isa = PBXBuildFile; fileRef = 0AC607931C189B36006EECA7 /* LaunchScreen.storyboard */; };
		0AC607A01C189B36006EECA7 /* SplatPalTests.swift in Sources */ = {isa = PBXBuildFile; fileRef = 0AC6079F1C189B36006EECA7 /* SplatPalTests.swift */; };
		0AC607AB1C189B36006EECA7 /* SplatPalUITests.swift in Sources */ = {isa = PBXBuildFile; fileRef = 0AC607AA1C189B36006EECA7 /* SplatPalUITests.swift */; };
		0AC607B91C189BD8006EECA7 /* MapsTableViewController.swift in Sources */ = {isa = PBXBuildFile; fileRef = 0AC607B81C189BD8006EECA7 /* MapsTableViewController.swift */; };
		0AC607BD1C189ED0006EECA7 /* mapIcon.png in Resources */ = {isa = PBXBuildFile; fileRef = 0AC607BA1C189ED0006EECA7 /* mapIcon.png */; };
		0AC607BE1C189ED0006EECA7 /* mapIcon@2x.png in Resources */ = {isa = PBXBuildFile; fileRef = 0AC607BB1C189ED0006EECA7 /* mapIcon@2x.png */; };
		0AC607BF1C189ED0006EECA7 /* mapIcon@3x.png in Resources */ = {isa = PBXBuildFile; fileRef = 0AC607BC1C189ED0006EECA7 /* mapIcon@3x.png */; };
		0AC607D01C18A629006EECA7 /* StageArowanaMall.jpg in Resources */ = {isa = PBXBuildFile; fileRef = 0AC607C21C18A629006EECA7 /* StageArowanaMall.jpg */; };
		0AC607D11C18A629006EECA7 /* StageBlackbellySkatepark.jpg in Resources */ = {isa = PBXBuildFile; fileRef = 0AC607C31C18A629006EECA7 /* StageBlackbellySkatepark.jpg */; };
		0AC607D21C18A629006EECA7 /* StageBluefinDepot.jpg in Resources */ = {isa = PBXBuildFile; fileRef = 0AC607C41C18A629006EECA7 /* StageBluefinDepot.jpg */; };
		0AC607D31C18A629006EECA7 /* StageFlounderHeights.jpg in Resources */ = {isa = PBXBuildFile; fileRef = 0AC607C51C18A629006EECA7 /* StageFlounderHeights.jpg */; };
		0AC607D41C18A629006EECA7 /* StageHammerheadBridge.jpg in Resources */ = {isa = PBXBuildFile; fileRef = 0AC607C61C18A629006EECA7 /* StageHammerheadBridge.jpg */; };
		0AC607D51C18A629006EECA7 /* StageKelpDome.jpg in Resources */ = {isa = PBXBuildFile; fileRef = 0AC607C71C18A629006EECA7 /* StageKelpDome.jpg */; };
		0AC607D61C18A629006EECA7 /* StageMahi-MahiResort.jpg in Resources */ = {isa = PBXBuildFile; fileRef = 0AC607C81C18A629006EECA7 /* StageMahi-MahiResort.jpg */; };
		0AC607D71C18A629006EECA7 /* StageMorayTowers.jpg in Resources */ = {isa = PBXBuildFile; fileRef = 0AC607C91C18A629006EECA7 /* StageMorayTowers.jpg */; };
		0AC607D81C18A629006EECA7 /* StageMuseumd'Alfonsino.jpg in Resources */ = {isa = PBXBuildFile; fileRef = 0AC607CA1C18A629006EECA7 /* StageMuseumd'Alfonsino.jpg */; };
		0AC607D91C18A629006EECA7 /* StagePortMackerel.jpg in Resources */ = {isa = PBXBuildFile; fileRef = 0AC607CB1C18A629006EECA7 /* StagePortMackerel.jpg */; };
		0AC607DA1C18A629006EECA7 /* StageSaltsprayRig.jpg in Resources */ = {isa = PBXBuildFile; fileRef = 0AC607CC1C18A629006EECA7 /* StageSaltsprayRig.jpg */; };
		0AC607DB1C18A629006EECA7 /* StageUrchinUnderpass.jpg in Resources */ = {isa = PBXBuildFile; fileRef = 0AC607CD1C18A629006EECA7 /* StageUrchinUnderpass.jpg */; };
		0AC607DC1C18A629006EECA7 /* StageWalleyeWarehouse.jpg in Resources */ = {isa = PBXBuildFile; fileRef = 0AC607CE1C18A629006EECA7 /* StageWalleyeWarehouse.jpg */; };
		0AC607DD1C18A629006EECA7 /* StageCampTriggerfish.jpg in Resources */ = {isa = PBXBuildFile; fileRef = 0AC607CF1C18A629006EECA7 /* StageCampTriggerfish.jpg */; };
		0AC607E01C18ACF7006EECA7 /* Paintball_Beta_4a.otf in Resources */ = {isa = PBXBuildFile; fileRef = 0AC607DF1C18ACF7006EECA7 /* Paintball_Beta_4a.otf */; };
		0AC607E41C18E8A1006EECA7 /* rankedBadge.png in Resources */ = {isa = PBXBuildFile; fileRef = 0AC607E11C18E8A1006EECA7 /* rankedBadge.png */; };
		0AC607E51C18E8A1006EECA7 /* rankedBadge@2x.png in Resources */ = {isa = PBXBuildFile; fileRef = 0AC607E21C18E8A1006EECA7 /* rankedBadge@2x.png */; };
		0AC607E61C18E8A1006EECA7 /* rankedBadge@3x.png in Resources */ = {isa = PBXBuildFile; fileRef = 0AC607E31C18E8A1006EECA7 /* rankedBadge@3x.png */; };
		0AC607ED1C191405006EECA7 /* rankedBadgeAlt.png in Resources */ = {isa = PBXBuildFile; fileRef = 0AC607E71C191405006EECA7 /* rankedBadgeAlt.png */; };
		0AC607EE1C191405006EECA7 /* rankedBadgeAlt@2x.png in Resources */ = {isa = PBXBuildFile; fileRef = 0AC607E81C191405006EECA7 /* rankedBadgeAlt@2x.png */; };
		0AC607EF1C191405006EECA7 /* rankedBadgeAlt@3x.png in Resources */ = {isa = PBXBuildFile; fileRef = 0AC607E91C191405006EECA7 /* rankedBadgeAlt@3x.png */; };
		0AC607F01C191405006EECA7 /* turfWarBadge.png in Resources */ = {isa = PBXBuildFile; fileRef = 0AC607EA1C191405006EECA7 /* turfWarBadge.png */; };
		0AC607F11C191405006EECA7 /* turfWarBadge@2x.png in Resources */ = {isa = PBXBuildFile; fileRef = 0AC607EB1C191405006EECA7 /* turfWarBadge@2x.png */; };
		0AC607F21C191405006EECA7 /* turfWarBadge@3x.png in Resources */ = {isa = PBXBuildFile; fileRef = 0AC607EC1C191405006EECA7 /* turfWarBadge@3x.png */; };
		0AC607F41C19174B006EECA7 /* backgroundTile.jpg in Resources */ = {isa = PBXBuildFile; fileRef = 0AC607F31C19174B006EECA7 /* backgroundTile.jpg */; };
		0AC607F81C191F09006EECA7 /* squid.png in Resources */ = {isa = PBXBuildFile; fileRef = 0AC607F51C191F09006EECA7 /* squid.png */; };
		0AC607F91C191F09006EECA7 /* squid@2x.png in Resources */ = {isa = PBXBuildFile; fileRef = 0AC607F61C191F09006EECA7 /* squid@2x.png */; };
		0AC607FA1C191F09006EECA7 /* squid@3x.png in Resources */ = {isa = PBXBuildFile; fileRef = 0AC607F71C191F09006EECA7 /* squid@3x.png */; };
		0AC607FC1C192211006EECA7 /* LoadingViewController.swift in Sources */ = {isa = PBXBuildFile; fileRef = 0AC607FB1C192211006EECA7 /* LoadingViewController.swift */; };
		0AC607FE1C194ACE006EECA7 /* Helpers.swift in Sources */ = {isa = PBXBuildFile; fileRef = 0AC607FD1C194ACE006EECA7 /* Helpers.swift */; };
		A80951C10B13C21AEA494E71 /* Pods_SplatPal.framework in Frameworks */ = {isa = PBXBuildFile; fileRef = 8FBDCB17D189739D652437DA /* Pods_SplatPal.framework */; };
/* End PBXBuildFile section */

/* Begin PBXContainerItemProxy section */
		0AC6079C1C189B36006EECA7 /* PBXContainerItemProxy */ = {
			isa = PBXContainerItemProxy;
			containerPortal = 0AC6077D1C189B36006EECA7 /* Project object */;
			proxyType = 1;
			remoteGlobalIDString = 0AC607841C189B36006EECA7;
			remoteInfo = SplatPal;
		};
		0AC607A71C189B36006EECA7 /* PBXContainerItemProxy */ = {
			isa = PBXContainerItemProxy;
			containerPortal = 0AC6077D1C189B36006EECA7 /* Project object */;
			proxyType = 1;
			remoteGlobalIDString = 0AC607841C189B36006EECA7;
			remoteInfo = SplatPal;
		};
/* End PBXContainerItemProxy section */

/* Begin PBXFileReference section */
		04573E61435B391F9524E97B /* Pods-SplatPal.debug.xcconfig */ = {isa = PBXFileReference; includeInIndex = 1; lastKnownFileType = text.xcconfig; name = "Pods-SplatPal.debug.xcconfig"; path = "Pods/Target Support Files/Pods-SplatPal/Pods-SplatPal.debug.xcconfig"; sourceTree = "<group>"; };
		0AC607851C189B36006EECA7 /* SplatPal.app */ = {isa = PBXFileReference; explicitFileType = wrapper.application; includeInIndex = 0; path = SplatPal.app; sourceTree = BUILT_PRODUCTS_DIR; };
		0AC607881C189B36006EECA7 /* AppDelegate.swift */ = {isa = PBXFileReference; lastKnownFileType = sourcecode.swift; path = AppDelegate.swift; sourceTree = "<group>"; };
		0AC6078F1C189B36006EECA7 /* Base */ = {isa = PBXFileReference; lastKnownFileType = file.storyboard; name = Base; path = Base.lproj/Main.storyboard; sourceTree = "<group>"; };
		0AC607911C189B36006EECA7 /* Assets.xcassets */ = {isa = PBXFileReference; lastKnownFileType = folder.assetcatalog; path = Assets.xcassets; sourceTree = "<group>"; };
		0AC607941C189B36006EECA7 /* Base */ = {isa = PBXFileReference; lastKnownFileType = file.storyboard; name = Base; path = Base.lproj/LaunchScreen.storyboard; sourceTree = "<group>"; };
		0AC607961C189B36006EECA7 /* Info.plist */ = {isa = PBXFileReference; lastKnownFileType = text.plist.xml; path = Info.plist; sourceTree = "<group>"; };
		0AC6079B1C189B36006EECA7 /* SplatPalTests.xctest */ = {isa = PBXFileReference; explicitFileType = wrapper.cfbundle; includeInIndex = 0; path = SplatPalTests.xctest; sourceTree = BUILT_PRODUCTS_DIR; };
		0AC6079F1C189B36006EECA7 /* SplatPalTests.swift */ = {isa = PBXFileReference; lastKnownFileType = sourcecode.swift; path = SplatPalTests.swift; sourceTree = "<group>"; };
		0AC607A11C189B36006EECA7 /* Info.plist */ = {isa = PBXFileReference; lastKnownFileType = text.plist.xml; path = Info.plist; sourceTree = "<group>"; };
		0AC607A61C189B36006EECA7 /* SplatPalUITests.xctest */ = {isa = PBXFileReference; explicitFileType = wrapper.cfbundle; includeInIndex = 0; path = SplatPalUITests.xctest; sourceTree = BUILT_PRODUCTS_DIR; };
		0AC607AA1C189B36006EECA7 /* SplatPalUITests.swift */ = {isa = PBXFileReference; lastKnownFileType = sourcecode.swift; path = SplatPalUITests.swift; sourceTree = "<group>"; };
		0AC607AC1C189B36006EECA7 /* Info.plist */ = {isa = PBXFileReference; lastKnownFileType = text.plist.xml; path = Info.plist; sourceTree = "<group>"; };
		0AC607B81C189BD8006EECA7 /* MapsTableViewController.swift */ = {isa = PBXFileReference; fileEncoding = 4; lastKnownFileType = sourcecode.swift; path = MapsTableViewController.swift; sourceTree = "<group>"; };
		0AC607BA1C189ED0006EECA7 /* mapIcon.png */ = {isa = PBXFileReference; lastKnownFileType = image.png; name = mapIcon.png; path = Images/mapIcon.png; sourceTree = "<group>"; };
		0AC607BB1C189ED0006EECA7 /* mapIcon@2x.png */ = {isa = PBXFileReference; lastKnownFileType = image.png; name = "mapIcon@2x.png"; path = "Images/mapIcon@2x.png"; sourceTree = "<group>"; };
		0AC607BC1C189ED0006EECA7 /* mapIcon@3x.png */ = {isa = PBXFileReference; lastKnownFileType = image.png; name = "mapIcon@3x.png"; path = "Images/mapIcon@3x.png"; sourceTree = "<group>"; };
		0AC607C21C18A629006EECA7 /* StageArowanaMall.jpg */ = {isa = PBXFileReference; lastKnownFileType = image.jpeg; name = StageArowanaMall.jpg; path = Images/Stages/StageArowanaMall.jpg; sourceTree = "<group>"; };
		0AC607C31C18A629006EECA7 /* StageBlackbellySkatepark.jpg */ = {isa = PBXFileReference; lastKnownFileType = image.jpeg; name = StageBlackbellySkatepark.jpg; path = Images/Stages/StageBlackbellySkatepark.jpg; sourceTree = "<group>"; };
		0AC607C41C18A629006EECA7 /* StageBluefinDepot.jpg */ = {isa = PBXFileReference; lastKnownFileType = image.jpeg; name = StageBluefinDepot.jpg; path = Images/Stages/StageBluefinDepot.jpg; sourceTree = "<group>"; };
		0AC607C51C18A629006EECA7 /* StageFlounderHeights.jpg */ = {isa = PBXFileReference; lastKnownFileType = image.jpeg; name = StageFlounderHeights.jpg; path = Images/Stages/StageFlounderHeights.jpg; sourceTree = "<group>"; };
		0AC607C61C18A629006EECA7 /* StageHammerheadBridge.jpg */ = {isa = PBXFileReference; lastKnownFileType = image.jpeg; name = StageHammerheadBridge.jpg; path = Images/Stages/StageHammerheadBridge.jpg; sourceTree = "<group>"; };
		0AC607C71C18A629006EECA7 /* StageKelpDome.jpg */ = {isa = PBXFileReference; lastKnownFileType = image.jpeg; name = StageKelpDome.jpg; path = Images/Stages/StageKelpDome.jpg; sourceTree = "<group>"; };
		0AC607C81C18A629006EECA7 /* StageMahi-MahiResort.jpg */ = {isa = PBXFileReference; lastKnownFileType = image.jpeg; name = "StageMahi-MahiResort.jpg"; path = "Images/Stages/StageMahi-MahiResort.jpg"; sourceTree = "<group>"; };
		0AC607C91C18A629006EECA7 /* StageMorayTowers.jpg */ = {isa = PBXFileReference; lastKnownFileType = image.jpeg; name = StageMorayTowers.jpg; path = Images/Stages/StageMorayTowers.jpg; sourceTree = "<group>"; };
		0AC607CA1C18A629006EECA7 /* StageMuseumd'Alfonsino.jpg */ = {isa = PBXFileReference; lastKnownFileType = image.jpeg; name = "StageMuseumd'Alfonsino.jpg"; path = "Images/Stages/StageMuseumd'Alfonsino.jpg"; sourceTree = "<group>"; };
		0AC607CB1C18A629006EECA7 /* StagePortMackerel.jpg */ = {isa = PBXFileReference; lastKnownFileType = image.jpeg; name = StagePortMackerel.jpg; path = Images/Stages/StagePortMackerel.jpg; sourceTree = "<group>"; };
		0AC607CC1C18A629006EECA7 /* StageSaltsprayRig.jpg */ = {isa = PBXFileReference; lastKnownFileType = image.jpeg; name = StageSaltsprayRig.jpg; path = Images/Stages/StageSaltsprayRig.jpg; sourceTree = "<group>"; };
		0AC607CD1C18A629006EECA7 /* StageUrchinUnderpass.jpg */ = {isa = PBXFileReference; lastKnownFileType = image.jpeg; name = StageUrchinUnderpass.jpg; path = Images/Stages/StageUrchinUnderpass.jpg; sourceTree = "<group>"; };
		0AC607CE1C18A629006EECA7 /* StageWalleyeWarehouse.jpg */ = {isa = PBXFileReference; lastKnownFileType = image.jpeg; name = StageWalleyeWarehouse.jpg; path = Images/Stages/StageWalleyeWarehouse.jpg; sourceTree = "<group>"; };
		0AC607CF1C18A629006EECA7 /* StageCampTriggerfish.jpg */ = {isa = PBXFileReference; lastKnownFileType = image.jpeg; name = StageCampTriggerfish.jpg; path = Images/Stages/StageCampTriggerfish.jpg; sourceTree = "<group>"; };
		0AC607DF1C18ACF7006EECA7 /* Paintball_Beta_4a.otf */ = {isa = PBXFileReference; lastKnownFileType = file; name = Paintball_Beta_4a.otf; path = Resources/Paintball_Beta_4a.otf; sourceTree = "<group>"; };
		0AC607E11C18E8A1006EECA7 /* rankedBadge.png */ = {isa = PBXFileReference; lastKnownFileType = image.png; name = rankedBadge.png; path = Images/rankedBadge.png; sourceTree = "<group>"; };
		0AC607E21C18E8A1006EECA7 /* rankedBadge@2x.png */ = {isa = PBXFileReference; lastKnownFileType = image.png; name = "rankedBadge@2x.png"; path = "Images/rankedBadge@2x.png"; sourceTree = "<group>"; };
		0AC607E31C18E8A1006EECA7 /* rankedBadge@3x.png */ = {isa = PBXFileReference; lastKnownFileType = image.png; name = "rankedBadge@3x.png"; path = "Images/rankedBadge@3x.png"; sourceTree = "<group>"; };
		0AC607E71C191405006EECA7 /* rankedBadgeAlt.png */ = {isa = PBXFileReference; lastKnownFileType = image.png; name = rankedBadgeAlt.png; path = Images/rankedBadgeAlt.png; sourceTree = "<group>"; };
		0AC607E81C191405006EECA7 /* rankedBadgeAlt@2x.png */ = {isa = PBXFileReference; lastKnownFileType = image.png; name = "rankedBadgeAlt@2x.png"; path = "Images/rankedBadgeAlt@2x.png"; sourceTree = "<group>"; };
		0AC607E91C191405006EECA7 /* rankedBadgeAlt@3x.png */ = {isa = PBXFileReference; lastKnownFileType = image.png; name = "rankedBadgeAlt@3x.png"; path = "Images/rankedBadgeAlt@3x.png"; sourceTree = "<group>"; };
		0AC607EA1C191405006EECA7 /* turfWarBadge.png */ = {isa = PBXFileReference; lastKnownFileType = image.png; name = turfWarBadge.png; path = Images/turfWarBadge.png; sourceTree = "<group>"; };
		0AC607EB1C191405006EECA7 /* turfWarBadge@2x.png */ = {isa = PBXFileReference; lastKnownFileType = image.png; name = "turfWarBadge@2x.png"; path = "Images/turfWarBadge@2x.png"; sourceTree = "<group>"; };
		0AC607EC1C191405006EECA7 /* turfWarBadge@3x.png */ = {isa = PBXFileReference; lastKnownFileType = image.png; name = "turfWarBadge@3x.png"; path = "Images/turfWarBadge@3x.png"; sourceTree = "<group>"; };
		0AC607F31C19174B006EECA7 /* backgroundTile.jpg */ = {isa = PBXFileReference; lastKnownFileType = image.jpeg; name = backgroundTile.jpg; path = Images/backgroundTile.jpg; sourceTree = "<group>"; };
		0AC607F51C191F09006EECA7 /* squid.png */ = {isa = PBXFileReference; lastKnownFileType = image.png; name = squid.png; path = Images/squid.png; sourceTree = "<group>"; };
		0AC607F61C191F09006EECA7 /* squid@2x.png */ = {isa = PBXFileReference; lastKnownFileType = image.png; name = "squid@2x.png"; path = "Images/squid@2x.png"; sourceTree = "<group>"; };
		0AC607F71C191F09006EECA7 /* squid@3x.png */ = {isa = PBXFileReference; lastKnownFileType = image.png; name = "squid@3x.png"; path = "Images/squid@3x.png"; sourceTree = "<group>"; };
		0AC607FB1C192211006EECA7 /* LoadingViewController.swift */ = {isa = PBXFileReference; fileEncoding = 4; lastKnownFileType = sourcecode.swift; path = LoadingViewController.swift; sourceTree = "<group>"; };
		0AC607FD1C194ACE006EECA7 /* Helpers.swift */ = {isa = PBXFileReference; fileEncoding = 4; lastKnownFileType = sourcecode.swift; path = Helpers.swift; sourceTree = "<group>"; };
		3297FDF7A703D876943BE2E6 /* Pods-SplatPal.release.xcconfig */ = {isa = PBXFileReference; includeInIndex = 1; lastKnownFileType = text.xcconfig; name = "Pods-SplatPal.release.xcconfig"; path = "Pods/Target Support Files/Pods-SplatPal/Pods-SplatPal.release.xcconfig"; sourceTree = "<group>"; };
		8FBDCB17D189739D652437DA /* Pods_SplatPal.framework */ = {isa = PBXFileReference; explicitFileType = wrapper.framework; includeInIndex = 0; path = Pods_SplatPal.framework; sourceTree = BUILT_PRODUCTS_DIR; };
/* End PBXFileReference section */

/* Begin PBXFrameworksBuildPhase section */
		0AC607821C189B36006EECA7 /* Frameworks */ = {
			isa = PBXFrameworksBuildPhase;
			buildActionMask = 2147483647;
			files = (
				A80951C10B13C21AEA494E71 /* Pods_SplatPal.framework in Frameworks */,
			);
			runOnlyForDeploymentPostprocessing = 0;
		};
		0AC607981C189B36006EECA7 /* Frameworks */ = {
			isa = PBXFrameworksBuildPhase;
			buildActionMask = 2147483647;
			files = (
			);
			runOnlyForDeploymentPostprocessing = 0;
		};
		0AC607A31C189B36006EECA7 /* Frameworks */ = {
			isa = PBXFrameworksBuildPhase;
			buildActionMask = 2147483647;
			files = (
			);
			runOnlyForDeploymentPostprocessing = 0;
		};
/* End PBXFrameworksBuildPhase section */

/* Begin PBXGroup section */
		0AC6077C1C189B36006EECA7 = {
			isa = PBXGroup;
			children = (
				0AC607871C189B36006EECA7 /* SplatPal */,
				0AC6079E1C189B36006EECA7 /* SplatPalTests */,
				0AC607A91C189B36006EECA7 /* SplatPalUITests */,
				0AC607861C189B36006EECA7 /* Products */,
				B81E0E35C30F8CE205ED4CC2 /* Pods */,
				E826F755AD1976281175B248 /* Frameworks */,
			);
			sourceTree = "<group>";
		};
		0AC607861C189B36006EECA7 /* Products */ = {
			isa = PBXGroup;
			children = (
				0AC607851C189B36006EECA7 /* SplatPal.app */,
				0AC6079B1C189B36006EECA7 /* SplatPalTests.xctest */,
				0AC607A61C189B36006EECA7 /* SplatPalUITests.xctest */,
			);
			name = Products;
			sourceTree = "<group>";
		};
		0AC607871C189B36006EECA7 /* SplatPal */ = {
			isa = PBXGroup;
			children = (
				0AC607C01C189ED4006EECA7 /* Resources */,
				0AC607881C189B36006EECA7 /* AppDelegate.swift */,
				0AC607B81C189BD8006EECA7 /* MapsTableViewController.swift */,
				0AC607FB1C192211006EECA7 /* LoadingViewController.swift */,
				0AC607FD1C194ACE006EECA7 /* Helpers.swift */,
				0AC6078E1C189B36006EECA7 /* Main.storyboard */,
				0AC607931C189B36006EECA7 /* LaunchScreen.storyboard */,
			);
			path = SplatPal;
			sourceTree = "<group>";
		};
		0AC6079E1C189B36006EECA7 /* SplatPalTests */ = {
			isa = PBXGroup;
			children = (
				0AC6079F1C189B36006EECA7 /* SplatPalTests.swift */,
				0AC607A11C189B36006EECA7 /* Info.plist */,
			);
			path = SplatPalTests;
			sourceTree = "<group>";
		};
		0AC607A91C189B36006EECA7 /* SplatPalUITests */ = {
			isa = PBXGroup;
			children = (
				0AC607AA1C189B36006EECA7 /* SplatPalUITests.swift */,
				0AC607AC1C189B36006EECA7 /* Info.plist */,
			);
			path = SplatPalUITests;
			sourceTree = "<group>";
		};
		0AC607C01C189ED4006EECA7 /* Resources */ = {
			isa = PBXGroup;
			children = (
				0AC607961C189B36006EECA7 /* Info.plist */,
				0AC607DF1C18ACF7006EECA7 /* Paintball_Beta_4a.otf */,
				0AC607911C189B36006EECA7 /* Assets.xcassets */,
				0AC607DE1C18AAA6006EECA7 /* Images */,
			);
			name = Resources;
			sourceTree = "<group>";
		};
		0AC607C11C18A61E006EECA7 /* Stages */ = {
			isa = PBXGroup;
			children = (
				0AC607C21C18A629006EECA7 /* StageArowanaMall.jpg */,
				0AC607C31C18A629006EECA7 /* StageBlackbellySkatepark.jpg */,
				0AC607C41C18A629006EECA7 /* StageBluefinDepot.jpg */,
				0AC607C51C18A629006EECA7 /* StageFlounderHeights.jpg */,
				0AC607C61C18A629006EECA7 /* StageHammerheadBridge.jpg */,
				0AC607C71C18A629006EECA7 /* StageKelpDome.jpg */,
				0AC607C81C18A629006EECA7 /* StageMahi-MahiResort.jpg */,
				0AC607C91C18A629006EECA7 /* StageMorayTowers.jpg */,
				0AC607CA1C18A629006EECA7 /* StageMuseumd'Alfonsino.jpg */,
				0AC607CB1C18A629006EECA7 /* StagePortMackerel.jpg */,
				0AC607CC1C18A629006EECA7 /* StageSaltsprayRig.jpg */,
				0AC607CD1C18A629006EECA7 /* StageUrchinUnderpass.jpg */,
				0AC607CE1C18A629006EECA7 /* StageWalleyeWarehouse.jpg */,
				0AC607CF1C18A629006EECA7 /* StageCampTriggerfish.jpg */,
			);
			name = Stages;
			sourceTree = "<group>";
		};
		0AC607DE1C18AAA6006EECA7 /* Images */ = {
			isa = PBXGroup;
			children = (
				0AC607F51C191F09006EECA7 /* squid.png */,
				0AC607F61C191F09006EECA7 /* squid@2x.png */,
				0AC607F71C191F09006EECA7 /* squid@3x.png */,
				0AC607F31C19174B006EECA7 /* backgroundTile.jpg */,
				0AC607E71C191405006EECA7 /* rankedBadgeAlt.png */,
				0AC607E81C191405006EECA7 /* rankedBadgeAlt@2x.png */,
				0AC607E91C191405006EECA7 /* rankedBadgeAlt@3x.png */,
				0AC607EA1C191405006EECA7 /* turfWarBadge.png */,
				0AC607EB1C191405006EECA7 /* turfWarBadge@2x.png */,
				0AC607EC1C191405006EECA7 /* turfWarBadge@3x.png */,
				0AC607E11C18E8A1006EECA7 /* rankedBadge.png */,
				0AC607E21C18E8A1006EECA7 /* rankedBadge@2x.png */,
				0AC607E31C18E8A1006EECA7 /* rankedBadge@3x.png */,
				0AC607BA1C189ED0006EECA7 /* mapIcon.png */,
				0AC607BB1C189ED0006EECA7 /* mapIcon@2x.png */,
				0AC607BC1C189ED0006EECA7 /* mapIcon@3x.png */,
				0AC607C11C18A61E006EECA7 /* Stages */,
			);
			name = Images;
			sourceTree = "<group>";
		};
		B81E0E35C30F8CE205ED4CC2 /* Pods */ = {
			isa = PBXGroup;
			children = (
				04573E61435B391F9524E97B /* Pods-SplatPal.debug.xcconfig */,
				3297FDF7A703D876943BE2E6 /* Pods-SplatPal.release.xcconfig */,
			);
			name = Pods;
			sourceTree = "<group>";
		};
		E826F755AD1976281175B248 /* Frameworks */ = {
			isa = PBXGroup;
			children = (
				8FBDCB17D189739D652437DA /* Pods_SplatPal.framework */,
			);
			name = Frameworks;
			sourceTree = "<group>";
		};
/* End PBXGroup section */

/* Begin PBXNativeTarget section */
		0AC607841C189B36006EECA7 /* SplatPal */ = {
			isa = PBXNativeTarget;
			buildConfigurationList = 0AC607AF1C189B36006EECA7 /* Build configuration list for PBXNativeTarget "SplatPal" */;
			buildPhases = (
				DF3E91F8ADCBFC5CCA76D8C5 /* Check Pods Manifest.lock */,
				0AC607811C189B36006EECA7 /* Sources */,
				0AC607821C189B36006EECA7 /* Frameworks */,
				0AC607831C189B36006EECA7 /* Resources */,
				F40E3C39911A168DC9236B4F /* Embed Pods Frameworks */,
				6DE13733E107E53992802EEA /* Copy Pods Resources */,
			);
			buildRules = (
			);
			dependencies = (
			);
			name = SplatPal;
			productName = SplatPal;
			productReference = 0AC607851C189B36006EECA7 /* SplatPal.app */;
			productType = "com.apple.product-type.application";
		};
		0AC6079A1C189B36006EECA7 /* SplatPalTests */ = {
			isa = PBXNativeTarget;
			buildConfigurationList = 0AC607B21C189B36006EECA7 /* Build configuration list for PBXNativeTarget "SplatPalTests" */;
			buildPhases = (
				0AC607971C189B36006EECA7 /* Sources */,
				0AC607981C189B36006EECA7 /* Frameworks */,
				0AC607991C189B36006EECA7 /* Resources */,
			);
			buildRules = (
			);
			dependencies = (
				0AC6079D1C189B36006EECA7 /* PBXTargetDependency */,
			);
			name = SplatPalTests;
			productName = SplatPalTests;
			productReference = 0AC6079B1C189B36006EECA7 /* SplatPalTests.xctest */;
			productType = "com.apple.product-type.bundle.unit-test";
		};
		0AC607A51C189B36006EECA7 /* SplatPalUITests */ = {
			isa = PBXNativeTarget;
			buildConfigurationList = 0AC607B51C189B36006EECA7 /* Build configuration list for PBXNativeTarget "SplatPalUITests" */;
			buildPhases = (
				0AC607A21C189B36006EECA7 /* Sources */,
				0AC607A31C189B36006EECA7 /* Frameworks */,
				0AC607A41C189B36006EECA7 /* Resources */,
			);
			buildRules = (
			);
			dependencies = (
				0AC607A81C189B36006EECA7 /* PBXTargetDependency */,
			);
			name = SplatPalUITests;
			productName = SplatPalUITests;
			productReference = 0AC607A61C189B36006EECA7 /* SplatPalUITests.xctest */;
			productType = "com.apple.product-type.bundle.ui-testing";
		};
/* End PBXNativeTarget section */

/* Begin PBXProject section */
		0AC6077D1C189B36006EECA7 /* Project object */ = {
			isa = PBXProject;
			attributes = {
				LastSwiftUpdateCheck = 0720;
				LastUpgradeCheck = 0720;
				ORGANIZATIONNAME = "Kevin Sullivan";
				TargetAttributes = {
					0AC607841C189B36006EECA7 = {
						CreatedOnToolsVersion = 7.2;
						DevelopmentTeam = S7BT87895F;
					};
					0AC6079A1C189B36006EECA7 = {
						CreatedOnToolsVersion = 7.2;
						TestTargetID = 0AC607841C189B36006EECA7;
					};
					0AC607A51C189B36006EECA7 = {
						CreatedOnToolsVersion = 7.2;
						TestTargetID = 0AC607841C189B36006EECA7;
					};
				};
			};
			buildConfigurationList = 0AC607801C189B36006EECA7 /* Build configuration list for PBXProject "SplatPal" */;
			compatibilityVersion = "Xcode 3.2";
			developmentRegion = English;
			hasScannedForEncodings = 0;
			knownRegions = (
				en,
				Base,
			);
			mainGroup = 0AC6077C1C189B36006EECA7;
			productRefGroup = 0AC607861C189B36006EECA7 /* Products */;
			projectDirPath = "";
			projectRoot = "";
			targets = (
				0AC607841C189B36006EECA7 /* SplatPal */,
				0AC6079A1C189B36006EECA7 /* SplatPalTests */,
				0AC607A51C189B36006EECA7 /* SplatPalUITests */,
			);
		};
/* End PBXProject section */

/* Begin PBXResourcesBuildPhase section */
		0AC607831C189B36006EECA7 /* Resources */ = {
			isa = PBXResourcesBuildPhase;
			buildActionMask = 2147483647;
			files = (
				0AC607E61C18E8A1006EECA7 /* rankedBadge@3x.png in Resources */,
				0AC607BE1C189ED0006EECA7 /* mapIcon@2x.png in Resources */,
				0AC607F81C191F09006EECA7 /* squid.png in Resources */,
				0AC607D91C18A629006EECA7 /* StagePortMackerel.jpg in Resources */,
				0AC607E51C18E8A1006EECA7 /* rankedBadge@2x.png in Resources */,
				0AC607D51C18A629006EECA7 /* StageKelpDome.jpg in Resources */,
				0AC607E01C18ACF7006EECA7 /* Paintball_Beta_4a.otf in Resources */,
				0AC607ED1C191405006EECA7 /* rankedBadgeAlt.png in Resources */,
				0AC607D41C18A629006EECA7 /* StageHammerheadBridge.jpg in Resources */,
				0AC607D81C18A629006EECA7 /* StageMuseumd'Alfonsino.jpg in Resources */,
				0AC607DC1C18A629006EECA7 /* StageWalleyeWarehouse.jpg in Resources */,
				0AC607DA1C18A629006EECA7 /* StageSaltsprayRig.jpg in Resources */,
				0AC607D21C18A629006EECA7 /* StageBluefinDepot.jpg in Resources */,
				0AC607DB1C18A629006EECA7 /* StageUrchinUnderpass.jpg in Resources */,
				0AC607F11C191405006EECA7 /* turfWarBadge@2x.png in Resources */,
				0AC607F91C191F09006EECA7 /* squid@2x.png in Resources */,
				0AC607BF1C189ED0006EECA7 /* mapIcon@3x.png in Resources */,
				0AC607DD1C18A629006EECA7 /* StageCampTriggerfish.jpg in Resources */,
				0AC607D11C18A629006EECA7 /* StageBlackbellySkatepark.jpg in Resources */,
				0AC607951C189B36006EECA7 /* LaunchScreen.storyboard in Resources */,
				0AC607BD1C189ED0006EECA7 /* mapIcon.png in Resources */,
				0AC607D31C18A629006EECA7 /* StageFlounderHeights.jpg in Resources */,
				0AC607D71C18A629006EECA7 /* StageMorayTowers.jpg in Resources */,
				0AC607D61C18A629006EECA7 /* StageMahi-MahiResort.jpg in Resources */,
				0AC607F01C191405006EECA7 /* turfWarBadge.png in Resources */,
				0AC607EE1C191405006EECA7 /* rankedBadgeAlt@2x.png in Resources */,
				0AC607D01C18A629006EECA7 /* StageArowanaMall.jpg in Resources */,
				0AC607EF1C191405006EECA7 /* rankedBadgeAlt@3x.png in Resources */,
				0AC607F41C19174B006EECA7 /* backgroundTile.jpg in Resources */,
				0AC607921C189B36006EECA7 /* Assets.xcassets in Resources */,
				0AC607F21C191405006EECA7 /* turfWarBadge@3x.png in Resources */,
				0AC607E41C18E8A1006EECA7 /* rankedBadge.png in Resources */,
				0AC607FA1C191F09006EECA7 /* squid@3x.png in Resources */,
				0AC607901C189B36006EECA7 /* Main.storyboard in Resources */,
			);
			runOnlyForDeploymentPostprocessing = 0;
		};
		0AC607991C189B36006EECA7 /* Resources */ = {
			isa = PBXResourcesBuildPhase;
			buildActionMask = 2147483647;
			files = (
			);
			runOnlyForDeploymentPostprocessing = 0;
		};
		0AC607A41C189B36006EECA7 /* Resources */ = {
			isa = PBXResourcesBuildPhase;
			buildActionMask = 2147483647;
			files = (
			);
			runOnlyForDeploymentPostprocessing = 0;
		};
/* End PBXResourcesBuildPhase section */

/* Begin PBXShellScriptBuildPhase section */
		6DE13733E107E53992802EEA /* Copy Pods Resources */ = {
			isa = PBXShellScriptBuildPhase;
			buildActionMask = 2147483647;
			files = (
			);
			inputPaths = (
			);
			name = "Copy Pods Resources";
			outputPaths = (
			);
			runOnlyForDeploymentPostprocessing = 0;
			shellPath = /bin/sh;
			shellScript = "\"${SRCROOT}/Pods/Target Support Files/Pods-SplatPal/Pods-SplatPal-resources.sh\"\n";
			showEnvVarsInLog = 0;
		};
		DF3E91F8ADCBFC5CCA76D8C5 /* Check Pods Manifest.lock */ = {
			isa = PBXShellScriptBuildPhase;
			buildActionMask = 2147483647;
			files = (
			);
			inputPaths = (
			);
			name = "Check Pods Manifest.lock";
			outputPaths = (
			);
			runOnlyForDeploymentPostprocessing = 0;
			shellPath = /bin/sh;
			shellScript = "diff \"${PODS_ROOT}/../Podfile.lock\" \"${PODS_ROOT}/Manifest.lock\" > /dev/null\nif [[ $? != 0 ]] ; then\n    cat << EOM\nerror: The sandbox is not in sync with the Podfile.lock. Run 'pod install' or update your CocoaPods installation.\nEOM\n    exit 1\nfi\n";
			showEnvVarsInLog = 0;
		};
		F40E3C39911A168DC9236B4F /* Embed Pods Frameworks */ = {
			isa = PBXShellScriptBuildPhase;
			buildActionMask = 2147483647;
			files = (
			);
			inputPaths = (
			);
			name = "Embed Pods Frameworks";
			outputPaths = (
			);
			runOnlyForDeploymentPostprocessing = 0;
			shellPath = /bin/sh;
			shellScript = "\"${SRCROOT}/Pods/Target Support Files/Pods-SplatPal/Pods-SplatPal-frameworks.sh\"\n";
			showEnvVarsInLog = 0;
		};
/* End PBXShellScriptBuildPhase section */

/* Begin PBXSourcesBuildPhase section */
		0AC607811C189B36006EECA7 /* Sources */ = {
			isa = PBXSourcesBuildPhase;
			buildActionMask = 2147483647;
			files = (
				0AC607B91C189BD8006EECA7 /* MapsTableViewController.swift in Sources */,
				0AC607891C189B36006EECA7 /* AppDelegate.swift in Sources */,
				0AC607FC1C192211006EECA7 /* LoadingViewController.swift in Sources */,
				0AC607FE1C194ACE006EECA7 /* Helpers.swift in Sources */,
			);
			runOnlyForDeploymentPostprocessing = 0;
		};
		0AC607971C189B36006EECA7 /* Sources */ = {
			isa = PBXSourcesBuildPhase;
			buildActionMask = 2147483647;
			files = (
				0AC607A01C189B36006EECA7 /* SplatPalTests.swift in Sources */,
			);
			runOnlyForDeploymentPostprocessing = 0;
		};
		0AC607A21C189B36006EECA7 /* Sources */ = {
			isa = PBXSourcesBuildPhase;
			buildActionMask = 2147483647;
			files = (
				0AC607AB1C189B36006EECA7 /* SplatPalUITests.swift in Sources */,
			);
			runOnlyForDeploymentPostprocessing = 0;
		};
/* End PBXSourcesBuildPhase section */

/* Begin PBXTargetDependency section */
		0AC6079D1C189B36006EECA7 /* PBXTargetDependency */ = {
			isa = PBXTargetDependency;
			target = 0AC607841C189B36006EECA7 /* SplatPal */;
			targetProxy = 0AC6079C1C189B36006EECA7 /* PBXContainerItemProxy */;
		};
		0AC607A81C189B36006EECA7 /* PBXTargetDependency */ = {
			isa = PBXTargetDependency;
			target = 0AC607841C189B36006EECA7 /* SplatPal */;
			targetProxy = 0AC607A71C189B36006EECA7 /* PBXContainerItemProxy */;
		};
/* End PBXTargetDependency section */

/* Begin PBXVariantGroup section */
		0AC6078E1C189B36006EECA7 /* Main.storyboard */ = {
			isa = PBXVariantGroup;
			children = (
				0AC6078F1C189B36006EECA7 /* Base */,
			);
			name = Main.storyboard;
			sourceTree = "<group>";
		};
		0AC607931C189B36006EECA7 /* LaunchScreen.storyboard */ = {
			isa = PBXVariantGroup;
			children = (
				0AC607941C189B36006EECA7 /* Base */,
			);
			name = LaunchScreen.storyboard;
			sourceTree = "<group>";
		};
/* End PBXVariantGroup section */

/* Begin XCBuildConfiguration section */
		0AC607AD1C189B36006EECA7 /* Debug */ = {
			isa = XCBuildConfiguration;
			buildSettings = {
				ALWAYS_SEARCH_USER_PATHS = NO;
				CLANG_CXX_LANGUAGE_STANDARD = "gnu++0x";
				CLANG_CXX_LIBRARY = "libc++";
				CLANG_ENABLE_MODULES = YES;
				CLANG_ENABLE_OBJC_ARC = YES;
				CLANG_WARN_BOOL_CONVERSION = YES;
				CLANG_WARN_CONSTANT_CONVERSION = YES;
				CLANG_WARN_DIRECT_OBJC_ISA_USAGE = YES_ERROR;
				CLANG_WARN_EMPTY_BODY = YES;
				CLANG_WARN_ENUM_CONVERSION = YES;
				CLANG_WARN_INT_CONVERSION = YES;
				CLANG_WARN_OBJC_ROOT_CLASS = YES_ERROR;
				CLANG_WARN_UNREACHABLE_CODE = YES;
				CLANG_WARN__DUPLICATE_METHOD_MATCH = YES;
				"CODE_SIGN_IDENTITY[sdk=iphoneos*]" = "iPhone Developer";
				COPY_PHASE_STRIP = NO;
				DEBUG_INFORMATION_FORMAT = dwarf;
				ENABLE_STRICT_OBJC_MSGSEND = YES;
				ENABLE_TESTABILITY = YES;
				GCC_C_LANGUAGE_STANDARD = gnu99;
				GCC_DYNAMIC_NO_PIC = NO;
				GCC_NO_COMMON_BLOCKS = YES;
				GCC_OPTIMIZATION_LEVEL = 0;
				GCC_PREPROCESSOR_DEFINITIONS = (
					"DEBUG=1",
					"$(inherited)",
				);
				GCC_WARN_64_TO_32_BIT_CONVERSION = YES;
				GCC_WARN_ABOUT_RETURN_TYPE = YES_ERROR;
				GCC_WARN_UNDECLARED_SELECTOR = YES;
				GCC_WARN_UNINITIALIZED_AUTOS = YES_AGGRESSIVE;
				GCC_WARN_UNUSED_FUNCTION = YES;
				GCC_WARN_UNUSED_VARIABLE = YES;
				IPHONEOS_DEPLOYMENT_TARGET = 9.2;
				MTL_ENABLE_DEBUG_INFO = YES;
				ONLY_ACTIVE_ARCH = YES;
				SDKROOT = iphoneos;
				SWIFT_OPTIMIZATION_LEVEL = "-Onone";
				TARGETED_DEVICE_FAMILY = "1,2";
			};
			name = Debug;
		};
		0AC607AE1C189B36006EECA7 /* Release */ = {
			isa = XCBuildConfiguration;
			buildSettings = {
				ALWAYS_SEARCH_USER_PATHS = NO;
				CLANG_CXX_LANGUAGE_STANDARD = "gnu++0x";
				CLANG_CXX_LIBRARY = "libc++";
				CLANG_ENABLE_MODULES = YES;
				CLANG_ENABLE_OBJC_ARC = YES;
				CLANG_WARN_BOOL_CONVERSION = YES;
				CLANG_WARN_CONSTANT_CONVERSION = YES;
				CLANG_WARN_DIRECT_OBJC_ISA_USAGE = YES_ERROR;
				CLANG_WARN_EMPTY_BODY = YES;
				CLANG_WARN_ENUM_CONVERSION = YES;
				CLANG_WARN_INT_CONVERSION = YES;
				CLANG_WARN_OBJC_ROOT_CLASS = YES_ERROR;
				CLANG_WARN_UNREACHABLE_CODE = YES;
				CLANG_WARN__DUPLICATE_METHOD_MATCH = YES;
				"CODE_SIGN_IDENTITY[sdk=iphoneos*]" = "iPhone Developer";
				COPY_PHASE_STRIP = NO;
				DEBUG_INFORMATION_FORMAT = "dwarf-with-dsym";
				ENABLE_NS_ASSERTIONS = NO;
				ENABLE_STRICT_OBJC_MSGSEND = YES;
				GCC_C_LANGUAGE_STANDARD = gnu99;
				GCC_NO_COMMON_BLOCKS = YES;
				GCC_WARN_64_TO_32_BIT_CONVERSION = YES;
				GCC_WARN_ABOUT_RETURN_TYPE = YES_ERROR;
				GCC_WARN_UNDECLARED_SELECTOR = YES;
				GCC_WARN_UNINITIALIZED_AUTOS = YES_AGGRESSIVE;
				GCC_WARN_UNUSED_FUNCTION = YES;
				GCC_WARN_UNUSED_VARIABLE = YES;
				IPHONEOS_DEPLOYMENT_TARGET = 9.2;
				MTL_ENABLE_DEBUG_INFO = NO;
				SDKROOT = iphoneos;
				TARGETED_DEVICE_FAMILY = "1,2";
				VALIDATE_PRODUCT = YES;
			};
			name = Release;
		};
		0AC607B01C189B36006EECA7 /* Debug */ = {
			isa = XCBuildConfiguration;
			baseConfigurationReference = 04573E61435B391F9524E97B /* Pods-SplatPal.debug.xcconfig */;
			buildSettings = {
				ASSETCATALOG_COMPILER_APPICON_NAME = AppIcon;
				CODE_SIGN_IDENTITY = "iPhone Developer";
				INFOPLIST_FILE = SplatPal/Info.plist;
				IPHONEOS_DEPLOYMENT_TARGET = 8.0;
				LD_RUNPATH_SEARCH_PATHS = "$(inherited) @executable_path/Frameworks";
				PRODUCT_BUNDLE_IDENTIFIER = com.sideapps.SplatPal;
				PRODUCT_NAME = "$(TARGET_NAME)";
			};
			name = Debug;
		};
		0AC607B11C189B36006EECA7 /* Release */ = {
			isa = XCBuildConfiguration;
			baseConfigurationReference = 3297FDF7A703D876943BE2E6 /* Pods-SplatPal.release.xcconfig */;
			buildSettings = {
				ASSETCATALOG_COMPILER_APPICON_NAME = AppIcon;
				CODE_SIGN_IDENTITY = "iPhone Developer";
				INFOPLIST_FILE = SplatPal/Info.plist;
				IPHONEOS_DEPLOYMENT_TARGET = 8.0;
				LD_RUNPATH_SEARCH_PATHS = "$(inherited) @executable_path/Frameworks";
				PRODUCT_BUNDLE_IDENTIFIER = com.sideapps.SplatPal;
				PRODUCT_NAME = "$(TARGET_NAME)";
			};
			name = Release;
		};
		0AC607B31C189B36006EECA7 /* Debug */ = {
			isa = XCBuildConfiguration;
			buildSettings = {
				BUNDLE_LOADER = "$(TEST_HOST)";
				INFOPLIST_FILE = SplatPalTests/Info.plist;
				LD_RUNPATH_SEARCH_PATHS = "$(inherited) @executable_path/Frameworks @loader_path/Frameworks";
				PRODUCT_BUNDLE_IDENTIFIER = com.sideapps.SplatPalTests;
				PRODUCT_NAME = "$(TARGET_NAME)";
				TEST_HOST = "$(BUILT_PRODUCTS_DIR)/SplatPal.app/SplatPal";
			};
			name = Debug;
		};
		0AC607B41C189B36006EECA7 /* Release */ = {
			isa = XCBuildConfiguration;
			buildSettings = {
				BUNDLE_LOADER = "$(TEST_HOST)";
				INFOPLIST_FILE = SplatPalTests/Info.plist;
				LD_RUNPATH_SEARCH_PATHS = "$(inherited) @executable_path/Frameworks @loader_path/Frameworks";
				PRODUCT_BUNDLE_IDENTIFIER = com.sideapps.SplatPalTests;
				PRODUCT_NAME = "$(TARGET_NAME)";
				TEST_HOST = "$(BUILT_PRODUCTS_DIR)/SplatPal.app/SplatPal";
			};
			name = Release;
		};
		0AC607B61C189B36006EECA7 /* Debug */ = {
			isa = XCBuildConfiguration;
			buildSettings = {
				INFOPLIST_FILE = SplatPalUITests/Info.plist;
				LD_RUNPATH_SEARCH_PATHS = "$(inherited) @executable_path/Frameworks @loader_path/Frameworks";
				PRODUCT_BUNDLE_IDENTIFIER = com.sideapps.SplatPalUITests;
				PRODUCT_NAME = "$(TARGET_NAME)";
				TEST_TARGET_NAME = SplatPal;
				USES_XCTRUNNER = YES;
			};
			name = Debug;
		};
		0AC607B71C189B36006EECA7 /* Release */ = {
			isa = XCBuildConfiguration;
			buildSettings = {
				INFOPLIST_FILE = SplatPalUITests/Info.plist;
				LD_RUNPATH_SEARCH_PATHS = "$(inherited) @executable_path/Frameworks @loader_path/Frameworks";
				PRODUCT_BUNDLE_IDENTIFIER = com.sideapps.SplatPalUITests;
				PRODUCT_NAME = "$(TARGET_NAME)";
				TEST_TARGET_NAME = SplatPal;
				USES_XCTRUNNER = YES;
			};
			name = Release;
		};
/* End XCBuildConfiguration section */

/* Begin XCConfigurationList section */
		0AC607801C189B36006EECA7 /* Build configuration list for PBXProject "SplatPal" */ = {
			isa = XCConfigurationList;
			buildConfigurations = (
				0AC607AD1C189B36006EECA7 /* Debug */,
				0AC607AE1C189B36006EECA7 /* Release */,
			);
			defaultConfigurationIsVisible = 0;
			defaultConfigurationName = Release;
		};
		0AC607AF1C189B36006EECA7 /* Build configuration list for PBXNativeTarget "SplatPal" */ = {
			isa = XCConfigurationList;
			buildConfigurations = (
				0AC607B01C189B36006EECA7 /* Debug */,
				0AC607B11C189B36006EECA7 /* Release */,
			);
			defaultConfigurationIsVisible = 0;
			defaultConfigurationName = Release;
		};
		0AC607B21C189B36006EECA7 /* Build configuration list for PBXNativeTarget "SplatPalTests" */ = {
			isa = XCConfigurationList;
			buildConfigurations = (
				0AC607B31C189B36006EECA7 /* Debug */,
				0AC607B41C189B36006EECA7 /* Release */,
			);
			defaultConfigurationIsVisible = 0;
			defaultConfigurationName = Release;
		};
		0AC607B51C189B36006EECA7 /* Build configuration list for PBXNativeTarget "SplatPalUITests" */ = {
			isa = XCConfigurationList;
			buildConfigurations = (
				0AC607B61C189B36006EECA7 /* Debug */,
				0AC607B71C189B36006EECA7 /* Release */,
			);
			defaultConfigurationIsVisible = 0;
			defaultConfigurationName = Release;
		};
/* End XCConfigurationList section */
	};
	rootObject = 0AC6077D1C189B36006EECA7 /* Project object */;
}
